{
  "version": 2,
  "dependencies": {
    "net10.0": {
      "Avalonia.Desktop": {
        "type": "Direct",
        "requested": "[12.1.2, 12.1.2]",
        "resolved": "12.1.2",
        "contentHash": "ghG7UVnLVhCyWm/74xh24gAkXgEZ41oJTUr7c0VI9BiVSqhpukvU5vm8l8ZY35BZX8VPx1YtXUI1+VbhDTOLMw==",
        "dependencies": {
          "Avalonia": "12.1.2",
          "Avalonia.HarfBuzz": "12.1.2",
          "Avalonia.Native": "12.1.2",
          "Avalonia.Skia": "12.1.2",
          "Avalonia.Win32": "12.1.2",
          "Avalonia.X11": "12.1.2"
        }
      },
      "Microsoft.Extensions.DependencyInjection": {
        "type": "Direct",
        "requested": "[10.0.0, 10.0.0]",
        "resolved": "10.0.0",
        "contentHash": "f0RBabswJq+gRu5a+hWIobrLWiUYPKMhCD9WO3sYBAdSy3FFH14LMvLVFZc2kPSCimBLxSuitUhsd6tb0TAY6A==",
        "dependencies": {
          "Microsoft.Extensions.DependencyInjection.Abstractions": "10.0.0"
        }
      },
      "Avalonia": {
        "type": "Transitive",
        "resolved": "12.1.2",
        "contentHash": "GHSe4qxjbqqxB570xuB4KtoD+Qhk3uKXJUXbelGYhGz/ti8xEoL7e5DGun8hcsXHondszPPBEdcC68szw7vUKg==",
        "dependencies": {
          "Avalonia.BuildServices": "11.3.2",
          "Avalonia.Remote.Protocol": "12.1.2",
          "MicroCom.Runtime": "0.11.6"
        }
      },
      "Avalonia.Angle.Windows.Natives": {
        "type": "Transitive",
        "resolved": "2.1.27548.20260419",
        "contentHash": "l17nI3XVDN3oMnpjf2pnmJg0YTwK4m6NLsn/itAjDMdObTFxN77D5F1M9sRMSfViSY3KKcse1ROczwgoWLJsnA=="
      },
      "Avalonia.BuildServices": {
        "type": "Transitive",
        "resolved": "11.3.2",
        "contentHash": "qHDToxto1e3hci5YqbG9n0Ty8mlp3zBUN5wT66wKqaDVzXyQ0do3EnRILd4Ke9jpvsktaPpgE0YjEk7hornryQ=="
      },
      "Avalonia.FreeDesktop": {
        "type": "Transitive",
        "resolved": "12.1.2",
        "contentHash": "RJqKF7djK/lyDBdj24+HKELGe+7I/86NIA57aeiod5k340svbcb9hs1RYkIF8Nga4Xa2Jd/Pzxpkmvdjb1ASiw==",
        "dependencies": {
          "Avalonia": "12.1.2",
          "Tmds.DBus.Protocol": "0.94.1"
        }
      },
      "Avalonia.FreeDesktop.AtSpi": {
        "type": "Transitive",
        "resolved": "12.1.2",
        "contentHash": "632PfHnqe7OkzStmDOW2ghXfCcTapGhT46HZGMMOIZFr+I0biyxUk7felBQwNzEk5LJ54y4VfIoiWKTgZK8FnA==",
        "dependencies": {
          "Avalonia": "12.1.2"
        }
      },
      "Avalonia.HarfBuzz": {
        "type": "Transitive",
        "resolved": "12.1.2",
        "contentHash": "CqYTMnOLuAXjGldTEMdEf5/ozMY1z5ZshpE4YF0i2s2o4ycsYq855BD/eQS0iBt5PbjtlJgk8njILrBwW0HteQ==",
        "dependencies": {
          "Avalonia": "12.1.2",
          "HarfBuzzSharp": "8.3.1.3",
          "HarfBuzzSharp.NativeAssets.Linux": "8.3.1.3",
          "HarfBuzzSharp.NativeAssets.WebAssembly": "8.3.1.3"
        }
      },
      "Avalonia.Native": {
        "type": "Transitive",
        "resolved": "12.1.2",
        "contentHash": "Co60A3FhDiCR022en90e/nUJqn2GtYal353cSUB0lWAd0qb/AuVRdScz9i0QCyglYw+PBfUXSP+9OfI2XvnfCg==",
        "dependencies": {
          "Avalonia": "12.1.2"
        }
      },
      "Avalonia.Remote.Protocol": {
        "type": "Transitive",
        "resolved": "12.1.2",
        "contentHash": "DdLTe9xKXxxfRcXmUw1trXZpBpz1YiZYWXx0DfMVPFAnkCszKsHLi67kaZfGJqtfQq2EySKd2qgRYX2QYkSxcg=="
      },
      "Avalonia.Themes.Fluent": {
        "type": "Transitive",
        "resolved": "12.1.2",
        "contentHash": "EKw1PzlIfqB8n0+yGuHThR9cUEiqZYj0EHYp89jrTwSuudu8pji6I4SGe1UmdwJWdgWf+kuss8T7KT+0wsUyow==",
        "dependencies": {
          "Avalonia": "12.1.2"
        }
      },
      "Avalonia.Win32": {
        "type": "Transitive",
        "resolved": "12.1.2",
        "contentHash": "MjHc5aKNs7Hp/fiX13wTQ3pg+kG9lh+NfqSQGx6/SkfvdO1Hbmribk7Bt0pwFTxcJ6HGlzwGKp1Ur3Ib/tv0ew==",
        "dependencies": {
          "Avalonia": "12.1.2",
          "Avalonia.Angle.Windows.Natives": "2.1.27548.20260419"
        }
      },
      "Avalonia.X11": {
        "type": "Transitive",
        "resolved": "12.1.2",
        "contentHash": "wtCAY9k90yrvhzKmesDGGFxYHsgejmLaR7HY36A4VYJ+E1R8AguNZc3hFaVKywnQLpf/eLhAwQWUxoNVFu9h/w==",
        "dependencies": {
          "Avalonia": "12.1.2",
          "Avalonia.FreeDesktop": "12.1.2",
          "Avalonia.FreeDesktop.AtSpi": "12.1.2",
          "Avalonia.Skia": "12.1.2"
        }
      },
      "Flurl": {
        "type": "Transitive",
        "resolved": "4.0.0",
        "contentHash": "rpts69yYgvJqg6PPgqShBQEZ4aNzWQqWpWppcT0oDWxDCIsBqiod4pj6LQZdhk+1OozLFagemldMRACdHF3CsA=="
      },
      "HarfBuzzSharp": {
        "type": "Transitive",
        "resolved": "8.3.1.3",
        "contentHash": "NGZ2+ZVNPM+NdHB/asW0/ykWngyHWwcqjrbN2nDeH1B/aptPGlCUl8wkQ2cSJxw5fdWgdmIPmNuTPWpLwNVXWg==",
        "dependencies": {
          "HarfBuzzSharp.NativeAssets.Win32": "8.3.1.3",
          "HarfBuzzSharp.NativeAssets.macOS": "8.3.1.3"
        }
      },
      "HarfBuzzSharp.NativeAssets.Linux": {
        "type": "Transitive",
        "resolved": "8.3.1.3",
        "contentHash": "RI6A1LgmooU30+4QIyFt5rmBCzP0VzTR+587IJSGvYIsHHWlahFufihYxtraLfsIhW7I8dn6+xX+DZGygOPKWQ=="
      },
      "HarfBuzzSharp.NativeAssets.macOS": {
        "type": "Transitive",
        "resolved": "8.3.1.3",
        "contentHash": "KPTq0xnslkI6nAo0jh3ptcQPJvZZr7MWYXa2jUe4SnHc9q+JlHElmNXp0sfFoiTgoCX7WOYpYsurypuH9Gehxw=="
      },
      "HarfBuzzSharp.NativeAssets.WebAssembly": {
        "type": "Transitive",
        "resolved": "8.3.1.3",
        "contentHash": "w2QfdNm9Uz/sUa0B5D+OnVQhyq3G/fBq6ibQMdWBlQqqwh0g0/5j3RFvYqZAmRZ5+RzvjVe8o8SFFnWYUSkuxA=="
      },
      "HarfBuzzSharp.NativeAssets.Win32": {
        "type": "Transitive",
        "resolved": "8.3.1.3",
        "contentHash": "bx8CE8Js+XGX8PUxAHCBDEORt5aaBYtMN4Hr9QFs57Xithh6yjUyYqksizH6eRDhJkwsGI+SXWmPmMm8lZC9Pw=="
      },
      "Irihi.Avalonia.Shared": {
        "type": "Transitive",
        "resolved": "0.4.0",
        "contentHash": "T6+jezCUjisJNz6zkNcNLVNI2ttWznbyQnW6MS9L45EXhePqRCIxB3xV/5L8gFAJ83JrhiCIokMOxRWdq9/1Zg==",
        "dependencies": {
          "Avalonia": "12.0.0"
        }
      },
      "Irihi.Avalonia.Shared.Contracts": {
        "type": "Transitive",
        "resolved": "0.4.0",
        "contentHash": "Du8DY2YqlSmCmywqZtuOhgwLkgklMeE1ajZ4Dd/iqVz6HmAKptjVTqA1oloZX5ihqsdKRiNuUGCdYPe1rekf2Q=="
      },
      "Irihi.Ursa": {
        "type": "Transitive",
        "resolved": "2.1.0",
        "contentHash": "G2wAmenCgMZkBOqs5MYRtlurhU2tAKKmcNJzjjaA9Mj5v3YIivuv7wyNpIpgYZ602sOZhFtQwYrCaLVUhn9Htw==",
        "dependencies": {
          "Avalonia": "12.0.2",
          "Irihi.Avalonia.Shared": "0.4.0",
          "Irihi.Avalonia.Shared.Contracts": "0.4.0"
        }
      },
      "Irihi.Ursa.Themes.Semi": {
        "type": "Transitive",
        "resolved": "2.1.0",
        "contentHash": "vz7iA6YcAqJ9Z34CXGtapsROERLjZ7vD1CqblO7V5NWQyrJ5igbAYSuFFWnZnPVFKkyKM/c43oGmcWjiDBLoHA==",
        "dependencies": {
          "Avalonia": "12.0.2",
          "Irihi.Ursa": "2.1.0",
          "Semi.Avalonia": "12.0.1"
        }
      },
      "MicroCom.Runtime": {
        "type": "Transitive",
        "resolved": "0.11.6",
        "contentHash": "NdNWGDiZ6eS/Mf/9+QHR91cj1K7Hy+PX9yrHI/zM7xFYuj9IWT2uxtB6sCHjrnxAeLV9fut1R6zHDUGKX6f9lQ=="
      },
      "Microsoft.Extensions.DependencyInjection.Abstractions": {
        "type": "Transitive",
        "resolved": "10.0.10",
        "contentHash": "z/2xXlFw2aLGjHyEm6E0tQ+In6VfzQzTrtArbQ2c0TQE16ZbyDCMGPvaUT9I0s8rgy9sRWlU2P9waW37qV04qA=="
      },
      "Microsoft.Win32.SystemEvents": {
        "type": "Transitive",
        "resolved": "6.0.0",
        "contentHash": "hqTM5628jSsQiv+HGpiq3WKBl2c8v1KZfby2J6Pr7pEPlK9waPdgEO6b8A/+/xn/yZ9ulv8HuqK71ONy2tg67A=="
      },
      "Semi.Avalonia": {
        "type": "Transitive",
        "resolved": "12.1.0",
        "contentHash": "me56M9qqcCTdYrsnf2vmd1xNF9gBN33PE3CXc9Gq1NPHO8fieZgFkmeqvaJnLMHg927UQyb7xmRSRf/ORAbv/w==",
        "dependencies": {
          "Avalonia": "12.1.0",
          "Irihi.Avalonia.Shared": "0.4.0"
        }
      },
      "SkiaSharp": {
        "type": "Transitive",
        "resolved": "3.119.4",
        "contentHash": "53NOSUZ1Us+91Sm0uCkIivh/k7jOowRErZT2sIWwPFN9mLUvdxnE6rS4sWo4255+Rd2MWUSF+j0NMZHD6Cke+Q==",
        "dependencies": {
          "SkiaSharp.NativeAssets.Win32": "3.119.4",
          "SkiaSharp.NativeAssets.macOS": "3.119.4"
        }
      },
      "SkiaSharp.NativeAssets.Linux": {
        "type": "Transitive",
        "resolved": "3.119.4",
        "contentHash": "UAyVzbqNfZsZbKbzj68zXLyUyF/SbTKmzTfOO6qDu++dtIUMMTzPBe8oOuzU/DiewpfKoUUlOSsJmqWc6blxBw=="
      },
      "SkiaSharp.NativeAssets.macOS": {
        "type": "Transitive",
        "resolved": "3.119.4",
        "contentHash": "fgBOWEqbY012x7gMfJU4ezgz6dfhJb30Z6YdW35h85Zoe39+a8YNbAAwL29ihPfWoppg5AjvyKNzD1oCvlqWwA=="
      },
      "SkiaSharp.NativeAssets.WebAssembly": {
        "type": "Transitive",
        "resolved": "3.119.4",
        "contentHash": "S1HOxtBbD4bYDtA2e9WH5TX+lxqRrTPvKjrjttRhxnHNNu7YY8VFo/LeCP7tNqoTA6PV+8vsvNbmRUEC2ip8RQ=="
      },
      "SkiaSharp.NativeAssets.Win32": {
        "type": "Transitive",
        "resolved": "3.119.4",
        "contentHash": "XOpbx/4CReO2wYsq2s6rbvdauc6dntG4Zv499sHGTJ87bwZaFXszFkwql3+FIZMc8kUPeaj3Mx2ezIJmo8a1Kg=="
      },
      "System.Drawing.Common": {
        "type": "Transitive",
        "resolved": "6.0.0",
        "contentHash": "NfuoKUiP2nUWwKZN6twGqXioIe1zVD0RIj2t976A+czLHr2nY454RwwXs6JU9Htc6mwqL6Dn/nEL3dpVf2jOhg==",
        "dependencies": {
          "Microsoft.Win32.SystemEvents": "6.0.0"
        }
      },
      "Tmds.DBus.Protocol": {
        "type": "Transitive",
        "resolved": "0.94.1",
        "contentHash": "11YMr7FnAbL83bQmVxlhbIKHvSLxjO81D12Ej0QMSGXMDTxNA9MTOa4MQxx43nv5el/efuPHwzyrj6a5ha2gug=="
      },
      "musicneteaseplugin.plugin": {
        "type": "Project",
        "dependencies": {
          "CommunityToolkit.Mvvm": "[8.4.2, 8.4.2]",
          "Flurl.Http": "[4.0.2, 4.0.2]",
          "MyAvaloniaManagement.Icons": "[3.4.1, 3.4.1]",
          "MyAvaloniaManagement.PluginSdk": "[3.4.1, 3.4.1]",
          "MyAvaloniaManagement.PluginSdk.UI": "[3.4.1, 3.4.1]",
          "QRCoder": "[1.8.0, 1.8.0]",
          "System.Security.Cryptography.ProtectedData": "[10.0.0, 10.0.0]"
        }
      },
      "Avalonia.Skia": {
        "type": "CentralTransitive",
        "requested": "[12.1.2, 12.1.2]",
        "resolved": "12.1.2",
        "contentHash": "x0TDDdZgNepbxRd6gSQyv3A/hHoVJk3kYqjRa1baI43XPGPuO87lArf4DRKAERgWUxUp1ad28aTvVsE3x0JM0g==",
        "dependencies": {
          "Avalonia": "12.1.2",
          "HarfBuzzSharp": "8.3.1.3",
          "HarfBuzzSharp.NativeAssets.Linux": "8.3.1.3",
          "HarfBuzzSharp.NativeAssets.WebAssembly": "8.3.1.3",
          "SkiaSharp": "3.119.4",
          "SkiaSharp.NativeAssets.Linux": "3.119.4",
          "SkiaSharp.NativeAssets.WebAssembly": "3.119.4"
        }
      },
      "CommunityToolkit.Mvvm": {
        "type": "CentralTransitive",
        "requested": "[8.4.2, 8.4.2]",
        "resolved": "8.4.2",
        "contentHash": "WadCzGEc2U+3e20avRLng4qNtt4zoOGWrdUISqJWrHe3/FSnrYjuM5Sb4yQb09LhkBXrrI4Zt3dLKgRMbItsrg=="
      },
      "Flurl.Http": {
        "type": "CentralTransitive",
        "requested": "[4.0.2, 4.0.2]",
        "resolved": "4.0.2",
        "contentHash": "9vCqFFyceA11yplkFD8AbCFFTvG1Lrw3tpsgOpL5sLUc28p6zcvGszNleuT6nDymRvtt5eS+rqUX+bRztg1fhA==",
        "dependencies": {
          "Flurl": "4.0.0"
        }
      },
      "MyAvaloniaManagement.Icons": {
        "type": "CentralTransitive",
        "requested": "[3.4.1, 3.4.1]",
        "resolved": "3.4.1",
        "contentHash": "JdudIRwCM+0ClH12/kpGPRymZUl33RkIPA9HBhsu45G2QGP5QOFaMzqg+f40IPpamYCJRc5vCWTQlJxdyjo9eA=="
      },
      "MyAvaloniaManagement.PluginSdk": {
        "type": "CentralTransitive",
        "requested": "[3.4.1, 3.4.1]",
        "resolved": "3.4.1",
        "contentHash": "0vEzhMhxnLhNzWR85UXt/dE2PkPEr+qvzYDC3XXh2nIBZ5FmZ8GsoSvqkmBltwVWctZloCQdw1lGO+d1GzRneQ=="
      },
      "MyAvaloniaManagement.PluginSdk.UI": {
        "type": "CentralTransitive",
        "requested": "[3.4.1, 3.4.1]",
        "resolved": "3.4.1",
        "contentHash": "uQ7DaNITDuoJB0FD+mQez5ddDNJRU4YlxlLFG0X5fKgvKkxj8N5buxXyEkWda8ICVeTsSppqyM1mKlZO9+L/0A==",
        "dependencies": {
          "Avalonia": "[12.1.2]",
          "Avalonia.Themes.Fluent": "[12.1.2]",
          "Irihi.Ursa": "[2.1.0]",
          "Irihi.Ursa.Themes.Semi": "[2.1.0]",
          "Microsoft.Extensions.DependencyInjection.Abstractions": "[10.0.10]",
          "MyAvaloniaManagement.PluginSdk": "3.4.1",
          "Semi.Avalonia": "[12.1.0]"
        }
      },
      "QRCoder": {
        "type": "CentralTransitive",
        "requested": "[1.8.0, 1.8.0]",
        "resolved": "1.8.0",
        "contentHash": "RuvX3PEXU6pbY/I5ItAk800jm62r+YnoPLgyS2WTgwxkOnGkOfU9ORiipHUF0LkLyqM8rlroUCA319JjRYfRFQ==",
        "dependencies": {
          "System.Drawing.Common": "6.0.0"
        }
      },
      "System.Security.Cryptography.ProtectedData": {
        "type": "CentralTransitive",
        "requested": "[10.0.0, 10.0.0]",
        "resolved": "10.0.0",
        "contentHash": "qy6C3gQRTrfhFfuiIYU1jNwWfFdJpBVo1BARW7jgMm1zTEm3LRzLLyOLJGaAuKE+nZCGkEP71y4rj9NWjqLGdQ=="
      }
    }
  }
}